
Microsoft Visual Studio Solution File, Format Version 12.00
# Visual Studio Version 17
VisualStudioVersion = 17.5.33414.496
MinimumVisualStudioVersion = 10.0.40219.1
Project("{FAE04EC0-301F-11D3-BF4B-00C04F79EFBC}") = "Producer", "Producer\Producer.csproj", "{36E79D35-1506-46C0-B25E-2A1AB0A892F9}"
EndProject
Project("{FAE04EC0-301F-11D3-BF4B-00C04F79EFBC}") = "Consumer", "Consumer\Consumer.csproj", "{7A28197D-9F5F-42C1-8E95-6146CF103D72}"
EndProject
Global
	GlobalSection(SolutionConfigurationPlatforms) = preSolution
		Debug|Any CPU = Debug|Any CPU
		Release|Any CPU = Release|Any CPU
	EndGlobalSection
	GlobalSection(ProjectConfigurationPlatforms) = postSolution
		{36E79D35-1506-46C0-B25E-2A1AB0A892F9}.Debug|Any CPU.ActiveCfg = Debug|Any CPU
		{36E79D35-1506-46C0-B25E-2A1AB0A892F9}.Debug|Any CPU.Build.0 = Debug|Any CPU
		{36E79D35-1506-46C0-B25E-2A1AB0A892F9}.Release|Any CPU.ActiveCfg = Release|Any CPU
		{36E79D35-1506-46C0-B25E-2A1AB0A892F9}.Release|Any CPU.Build.0 = Release|Any CPU
		{7A28197D-9F5F-42C1-8E95-6146CF103D72}.Debug|Any CPU.ActiveCfg = Debug|Any CPU
		{7A28197D-9F5F-42C1-8E95-6146CF103D72}.Debug|Any CPU.Build.0 = Debug|Any CPU
		{7A28197D-9F5F-42C1-8E95-6146CF103D72}.Release|Any CPU.ActiveCfg = Release|Any CPU
		{7A28197D-9F5F-42C1-8E95-6146CF103D72}.Release|Any CPU.Build.0 = Release|Any CPU
	EndGlobalSection
	GlobalSection(SolutionProperties) = preSolution
		HideSolutionNode = FALSE
	EndGlobalSection
	GlobalSection(ExtensibilityGlobals) = postSolution
		SolutionGuid = {43374223-5C80-4733-B62C-7196021A8EE4}
	EndGlobalSection
EndGlobal
